
Microsoft Visual Studio Solution File, Format Version 12.00
# Visual Studio 14
VisualStudioVersion = 14.0.25420.1
MinimumVisualStudioVersion = 10.0.40219.1
Project("{FAE04EC0-301F-11D3-BF4B-00C04F79EFBC}") = "TangentDrawer", "TangentDrawer\TangentDrawer.csproj", "{426A1CB3-E8F5-424A-A474-7FD1E3027D85}"
EndProject
Global
	GlobalSection(SolutionConfigurationPlatforms) = preSolution
		Debug|Any CPU = Debug|Any CPU
		Release|Any CPU = Release|Any CPU
	EndGlobalSection
	GlobalSection(ProjectConfigurationPlatforms) = postSolution
		{426A1CB3-E8F5-424A-A474-7FD1E3027D85}.Debug|Any CPU.ActiveCfg = Debug|Any CPU
		{426A1CB3-E8F5-424A-A474-7FD1E3027D85}.Debug|Any CPU.Build.0 = Debug|Any CPU
		{426A1CB3-E8F5-424A-A474-7FD1E3027D85}.Release|Any CPU.ActiveCfg = Release|Any CPU
		{426A1CB3-E8F5-424A-A474-7FD1E3027D85}.Release|Any CPU.Build.0 = Release|Any CPU
	EndGlobalSection
	GlobalSection(SolutionProperties) = preSolution
		HideSolutionNode = FALSE
	EndGlobalSection
EndGlobal
